# This file is automatically @generated by Cargo.
# It is not intended for manual editing.
version = 3

[[package]]
name = "instructions"
version = "0.1.0"
dependencies = [
 "util_macros",
]

[[package]]
name = "runner"
version = "0.1.0"
dependencies = [
 "instructions",
 "util_macros",
]

[[package]]
name = "util_macros"
version = "0.1.0"
